
Microsoft Visual Studio Solution File, Format Version 12.00
# Visual Studio 2012
Project("{FAE04EC0-301F-11D3-BF4B-00C04F79EFBC}") = "Shepherd", "Shepherd\Shepherd.csproj", "{CE888D2A-FC47-4D57-B3BF-7DF332D9B075}"
EndProject
Project("{FAE04EC0-301F-11D3-BF4B-00C04F79EFBC}") = "BaanModel", "BaanModel\BaanModel.csproj", "{D24521BE-9208-4D6A-BEC1-D74CD0F09F6D}"
EndProject
Global
	GlobalSection(SolutionConfigurationPlatforms) = preSolution
		Debug|Any CPU = Debug|Any CPU
		Release|Any CPU = Release|Any CPU
	EndGlobalSection
	GlobalSection(ProjectConfigurationPlatforms) = postSolution
		{CE888D2A-FC47-4D57-B3BF-7DF332D9B075}.Debug|Any CPU.ActiveCfg = Debug|Any CPU
		{CE888D2A-FC47-4D57-B3BF-7DF332D9B075}.Debug|Any CPU.Build.0 = Debug|Any CPU
		{CE888D2A-FC47-4D57-B3BF-7DF332D9B075}.Release|Any CPU.ActiveCfg = Release|Any CPU
		{CE888D2A-FC47-4D57-B3BF-7DF332D9B075}.Release|Any CPU.Build.0 = Release|Any CPU
		{D24521BE-9208-4D6A-BEC1-D74CD0F09F6D}.Debug|Any CPU.ActiveCfg = Debug|Any CPU
		{D24521BE-9208-4D6A-BEC1-D74CD0F09F6D}.Debug|Any CPU.Build.0 = Debug|Any CPU
		{D24521BE-9208-4D6A-BEC1-D74CD0F09F6D}.Release|Any CPU.ActiveCfg = Release|Any CPU
		{D24521BE-9208-4D6A-BEC1-D74CD0F09F6D}.Release|Any CPU.Build.0 = Release|Any CPU
	EndGlobalSection
	GlobalSection(SolutionProperties) = preSolution
		HideSolutionNode = FALSE
	EndGlobalSection
EndGlobal
